
Microsoft Visual Studio Solution File, Format Version 12.00
# Visual Studio Version 17
VisualStudioVersion = 17.14.36429.23
MinimumVisualStudioVersion = 10.0.40219.1
Project("{FAE04EC0-301F-11D3-BF4B-00C04F79EFBC}") = "Schedule1ModdingTool", "Schedule1ModdingTool.csproj", "{B1840802-08AD-4179-B467-1B1AD933768E}"
EndProject
Global
	GlobalSection(SolutionConfigurationPlatforms) = preSolution
		Debug|Any CPU = Debug|Any CPU
		Release|Any CPU = Release|Any CPU
	EndGlobalSection
	GlobalSection(ProjectConfigurationPlatforms) = postSolution
		{B1840802-08AD-4179-B467-1B1AD933768E}.Debug|Any CPU.ActiveCfg = Debug|Any CPU
		{B1840802-08AD-4179-B467-1B1AD933768E}.Debug|Any CPU.Build.0 = Debug|Any CPU
		{B1840802-08AD-4179-B467-1B1AD933768E}.Release|Any CPU.ActiveCfg = Release|Any CPU
		{B1840802-08AD-4179-B467-1B1AD933768E}.Release|Any CPU.Build.0 = Release|Any CPU
	EndGlobalSection
	GlobalSection(SolutionProperties) = preSolution
		HideSolutionNode = FALSE
	EndGlobalSection
	GlobalSection(ExtensibilityGlobals) = postSolution
		SolutionGuid = {B54F91EF-862D-4E17-BEE5-01291F59B6F9}
	EndGlobalSection
EndGlobal
